
Microsoft Visual Studio Solution File, Format Version 12.00
# Visual Studio Version 17
VisualStudioVersion = 17.14.36616.10
MinimumVisualStudioVersion = 10.0.40219.1
Project("{FAE04EC0-301F-11D3-BF4B-00C04F79EFBC}") = "Onatrix_assignment", "Onatrix_assignment\Onatrix_assignment.csproj", "{EAC9DC41-4EE9-4283-8DF9-050E4DCF9C69}"
EndProject
Project("{2150E333-8FDC-42A3-9474-1A3956D46DE8}") = "Solution Items", "Solution Items", "{8EC462FD-D22E-90A8-E5CE-7E832BA40C5D}"
EndProject
Global
	GlobalSection(SolutionConfigurationPlatforms) = preSolution
		Debug|Any CPU = Debug|Any CPU
		Release|Any CPU = Release|Any CPU
	EndGlobalSection
	GlobalSection(ProjectConfigurationPlatforms) = postSolution
		{EAC9DC41-4EE9-4283-8DF9-050E4DCF9C69}.Debug|Any CPU.ActiveCfg = Debug|Any CPU
		{EAC9DC41-4EE9-4283-8DF9-050E4DCF9C69}.Debug|Any CPU.Build.0 = Debug|Any CPU
		{EAC9DC41-4EE9-4283-8DF9-050E4DCF9C69}.Release|Any CPU.ActiveCfg = Release|Any CPU
		{EAC9DC41-4EE9-4283-8DF9-050E4DCF9C69}.Release|Any CPU.Build.0 = Release|Any CPU
	EndGlobalSection
	GlobalSection(SolutionProperties) = preSolution
		HideSolutionNode = FALSE
	EndGlobalSection
	GlobalSection(ExtensibilityGlobals) = postSolution
		SolutionGuid = {71F3F2F1-0603-43BD-ADF8-2134AA796A4A}
	EndGlobalSection
EndGlobal
